# THIS IS AN AUTOGENERATED FILE. DO NOT EDIT THIS FILE DIRECTLY.
# yarn lockfile v1


"@stencil/core@2.6.0":
  version "2.6.0"
  resolved "https://registry.npmjs.org/@stencil/core/-/core-2.6.0.tgz#29da96d8b6fc83e689b9f297ef3e8b59b90a676a"
  integrity sha512-QsxWayZyusnqSZrlCl81R71rA3KqFjVVQSH4E0rGN15F1GdQaFonKlHLyCOLKLig1zzC+DQkLLiUuocexuvdeQ==
